
Microsoft Visual Studio Solution File, Format Version 12.00
# Visual Studio Version 17
VisualStudioVersion = 17.4.33213.308
MinimumVisualStudioVersion = 10.0.40219.1
Project("{FAE04EC0-301F-11D3-BF4B-00C04F79EFBC}") = "E-Commerce Store", "E-Commerce Store.csproj", "{C9F213A4-503F-447C-A61C-BB68983A87E7}"
EndProject
Global
	GlobalSection(SolutionConfigurationPlatforms) = preSolution
		Debug|Any CPU = Debug|Any CPU
		Release|Any CPU = Release|Any CPU
	EndGlobalSection
	GlobalSection(ProjectConfigurationPlatforms) = postSolution
		{C9F213A4-503F-447C-A61C-BB68983A87E7}.Debug|Any CPU.ActiveCfg = Debug|Any CPU
		{C9F213A4-503F-447C-A61C-BB68983A87E7}.Debug|Any CPU.Build.0 = Debug|Any CPU
		{C9F213A4-503F-447C-A61C-BB68983A87E7}.Release|Any CPU.ActiveCfg = Release|Any CPU
		{C9F213A4-503F-447C-A61C-BB68983A87E7}.Release|Any CPU.Build.0 = Release|Any CPU
	EndGlobalSection
	GlobalSection(SolutionProperties) = preSolution
		HideSolutionNode = FALSE
	EndGlobalSection
	GlobalSection(ExtensibilityGlobals) = postSolution
		SolutionGuid = {47D652FB-F29C-415F-8D37-BF485A5A723D}
	EndGlobalSection
EndGlobal
